PODS:
  - SocketRocket (0.5.1)
  - Sparkle (1.23.0)

DEPENDENCIES:
  - SocketRocket
  - Sparkle

SPEC REPOS:
  trunk:
    - SocketRocket
    - Sparkle

SPEC CHECKSUMS:
  SocketRocket: d57c7159b83c3c6655745cd15302aa24b6bae531
  Sparkle: 55b1a87ba69d56913375a281546b7c82dec95bb0

PODFILE CHECKSUM: f68839bf85fc3a629cc21d58a289a00e2eaaa792

COCOAPODS: 1.10.2
