// !$*UTF8*$!
{
	archiveVersion = 1;
	classes = {
	};
	objectVersion = 46;
	objects = {

/* Begin PBXBuildFile section */
		DC314A201C0EE024000A56D2 /* UBWidgetsController.m in Sources */ = {isa = PBXBuildFile; fileRef = DC314A1F1C0EE024000A56D2 /* UBWidgetsController.m */; };
		DC3A31681C64A0A100722112 /* SocketRocket.framework in Frameworks */ = {isa = PBXBuildFile; fileRef = DC3A31671C64A0A100722112 /* SocketRocket.framework */; };
		DC3A31691C64A0D500722112 /* SocketRocket.framework in CopyFiles */ = {isa = PBXBuildFile; fileRef = DC3A31671C64A0A100722112 /* SocketRocket.framework */; settings = {ATTRIBUTES = (CodeSignOnCopy, RemoveHeadersOnCopy, ); }; };
		DC404DF31D2844E100305CE2 /* UBWebViewController.m in Sources */ = {isa = PBXBuildFile; fileRef = DC404DF21D2844E100305CE2 /* UBWebViewController.m */; };
		DC404DF51D294B3100305CE2 /* geolocation.js in Resources */ = {isa = PBXBuildFile; fileRef = DC404DF41D294B3100305CE2 /* geolocation.js */; };
		DC43AD8017EC2D9500241CC2 /* Cocoa.framework in Frameworks */ = {isa = PBXBuildFile; fileRef = DC43AD7F17EC2D9500241CC2 /* Cocoa.framework */; };
		DC43AD8A17EC2D9500241CC2 /* InfoPlist.strings in Resources */ = {isa = PBXBuildFile; fileRef = DC43AD8817EC2D9500241CC2 /* InfoPlist.strings */; };
		DC43AD8C17EC2D9500241CC2 /* main.m in Sources */ = {isa = PBXBuildFile; fileRef = DC43AD8B17EC2D9500241CC2 /* main.m */; };
		DC43AD9017EC2D9500241CC2 /* Credits.rtf in Resources */ = {isa = PBXBuildFile; fileRef = DC43AD8E17EC2D9500241CC2 /* Credits.rtf */; };
		DC43AD9317EC2D9500241CC2 /* UBAppDelegate.m in Sources */ = {isa = PBXBuildFile; fileRef = DC43AD9217EC2D9500241CC2 /* UBAppDelegate.m */; };
		DC43AD9817EC2D9500241CC2 /* Images.xcassets in Resources */ = {isa = PBXBuildFile; fileRef = DC43AD9717EC2D9500241CC2 /* Images.xcassets */; };
		DC43AD9F17EC2D9500241CC2 /* XCTest.framework in Frameworks */ = {isa = PBXBuildFile; fileRef = DC43AD9E17EC2D9500241CC2 /* XCTest.framework */; };
		DC43ADA017EC2D9500241CC2 /* Cocoa.framework in Frameworks */ = {isa = PBXBuildFile; fileRef = DC43AD7F17EC2D9500241CC2 /* Cocoa.framework */; };
		DC43ADA817EC2D9500241CC2 /* InfoPlist.strings in Resources */ = {isa = PBXBuildFile; fileRef = DC43ADA617EC2D9500241CC2 /* InfoPlist.strings */; };
		DC43ADAA17EC2D9500241CC2 /* ÜbersichtTests.m in Sources */ = {isa = PBXBuildFile; fileRef = DC43ADA917EC2D9500241CC2 /* ÜbersichtTests.m */; };
		DC43ADB517EC35A800241CC2 /* UBWindow.m in Sources */ = {isa = PBXBuildFile; fileRef = DC43ADB417EC31EB00241CC2 /* UBWindow.m */; };
		DC43ADB717EC38D300241CC2 /* WebKit.framework in Frameworks */ = {isa = PBXBuildFile; fileRef = DC43ADB617EC38D300241CC2 /* WebKit.framework */; };
		DC443E321C0305E500AA31C7 /* UBKeyHandler.m in Sources */ = {isa = PBXBuildFile; fileRef = DC443E311C0305E500AA31C7 /* UBKeyHandler.m */; };
		DC4913961BEF9A75003E76EF /* UBScreensController.m in Sources */ = {isa = PBXBuildFile; fileRef = DC4913951BEF9A75003E76EF /* UBScreensController.m */; };
		DC4F43F3189E90DD00937925 /* status-icon.png in Resources */ = {isa = PBXBuildFile; fileRef = DC4F43F1189E90DD00937925 /* status-icon.png */; };
		DC4F43F4189E90DD00937925 /* status-icon@2x.png in Resources */ = {isa = PBXBuildFile; fileRef = DC4F43F2189E90DD00937925 /* status-icon@2x.png */; };
		DC4FC28118EAB1CA00B7FD79 /* übersicht-logo.png in Resources */ = {isa = PBXBuildFile; fileRef = DC4FC28018EAB1CA00B7FD79 /* übersicht-logo.png */; };
		DC57ED2E18DB4EC900A24FDD /* UBPreferencesController.xib in Resources */ = {isa = PBXBuildFile; fileRef = DC57ED2C18DB4EC900A24FDD /* UBPreferencesController.xib */; };
		DC5D25BF18FC4838000078C4 /* Sparkle.framework in CopyFiles */ = {isa = PBXBuildFile; fileRef = DC5D25BB18FC46E0000078C4 /* Sparkle.framework */; settings = {ATTRIBUTES = (CodeSignOnCopy, ); }; };
		DC5D25C018FC4988000078C4 /* Sparkle.framework in Frameworks */ = {isa = PBXBuildFile; fileRef = DC5D25BB18FC46E0000078C4 /* Sparkle.framework */; };
		DC62CC731E1C0F73004F85B8 /* Uebersicht.sdef in Resources */ = {isa = PBXBuildFile; fileRef = DC74D0741E1A6FC300893D53 /* Uebersicht.sdef */; };
		DC66522D1E212735003267AF /* UBWidgetForScripting.m in Sources */ = {isa = PBXBuildFile; fileRef = DC66522C1E212735003267AF /* UBWidgetForScripting.m */; };
		DC74D0781E1A71E500893D53 /* UBRefreshCommand.m in Sources */ = {isa = PBXBuildFile; fileRef = DC74D0771E1A71E500893D53 /* UBRefreshCommand.m */; };
		DC9296A71C5017CF006E4267 /* widget-status-visible.png in Resources */ = {isa = PBXBuildFile; fileRef = DC9296A51C5017CF006E4267 /* widget-status-visible.png */; };
		DC9296A81C5017CF006E4267 /* widget-status-visible@2x.png in Resources */ = {isa = PBXBuildFile; fileRef = DC9296A61C5017CF006E4267 /* widget-status-visible@2x.png */; };
		DC9296AB1C501D34006E4267 /* widget-status-hidden.png in Resources */ = {isa = PBXBuildFile; fileRef = DC9296A91C501D34006E4267 /* widget-status-hidden.png */; };
		DC9296AC1C501D34006E4267 /* widget-status-hidden@2x.png in Resources */ = {isa = PBXBuildFile; fileRef = DC9296AA1C501D34006E4267 /* widget-status-hidden@2x.png */; };
		DC9F7CE31C439CE50014E25B /* UBDispatcher.m in Sources */ = {isa = PBXBuildFile; fileRef = DC9F7CE21C439CE50014E25B /* UBDispatcher.m */; };
		DCAAAF9618DF0B050097677F /* getting-started.coffee in Resources */ = {isa = PBXBuildFile; fileRef = DCAAAF9518DF0B050097677F /* getting-started.coffee */; };
		DCAC78CA1C550B810051E78B /* UBWebSocket.m in Sources */ = {isa = PBXBuildFile; fileRef = DCAC78C91C550B810051E78B /* UBWebSocket.m */; };
		DCAC78CD1C551D130051E78B /* UBListener.m in Sources */ = {isa = PBXBuildFile; fileRef = DCAC78CC1C551D130051E78B /* UBListener.m */; };
		DCC7B2F61C575BCE00F563C8 /* UBWidgetsStore.m in Sources */ = {isa = PBXBuildFile; fileRef = DCC7B2F51C575BCE00F563C8 /* UBWidgetsStore.m */; };
		DCE7E3C11A376AD400A12516 /* UBLocation.m in Sources */ = {isa = PBXBuildFile; fileRef = DCE7E3C01A376AD400A12516 /* UBLocation.m */; };
		DCECA1C71893F23200C0CA32 /* localnode in Resources */ = {isa = PBXBuildFile; fileRef = DCECA1C51893F23200C0CA32 /* localnode */; };
		DCECA1C81893F23200C0CA32 /* server.js in Resources */ = {isa = PBXBuildFile; fileRef = DCECA1C61893F23200C0CA32 /* server.js */; };
		DCECA1CA1893F4EF00C0CA32 /* public in Resources */ = {isa = PBXBuildFile; fileRef = DCECA1C91893F4EF00C0CA32 /* public */; };
		DCECA1CE1893FE5500C0CA32 /* node_modules in Resources */ = {isa = PBXBuildFile; fileRef = DCECA1CD1893FE5500C0CA32 /* node_modules */; };
		DCECA1CF1894008800C0CA32 /* MainMenu.xib in Resources */ = {isa = PBXBuildFile; fileRef = DC43AD9417EC2D9500241CC2 /* MainMenu.xib */; };
		DCF9D9011E9D512600D27988 /* UBReloadCommand.m in Sources */ = {isa = PBXBuildFile; fileRef = DCF9D9001E9D512600D27988 /* UBReloadCommand.m */; };
/* End PBXBuildFile section */

/* Begin PBXContainerItemProxy section */
		DC43ADA117EC2D9500241CC2 /* PBXContainerItemProxy */ = {
			isa = PBXContainerItemProxy;
			containerPortal = DC43AD7417EC2D9500241CC2 /* Project object */;
			proxyType = 1;
			remoteGlobalIDString = DC43AD7B17EC2D9500241CC2;
			remoteInfo = "Übersicht";
		};
/* End PBXContainerItemProxy section */

/* Begin PBXCopyFilesBuildPhase section */
		DC5D25BE18FC4823000078C4 /* CopyFiles */ = {
			isa = PBXCopyFilesBuildPhase;
			buildActionMask = 12;
			dstPath = "";
			dstSubfolderSpec = 10;
			files = (
				DC3A31691C64A0D500722112 /* SocketRocket.framework in CopyFiles */,
				DC5D25BF18FC4838000078C4 /* Sparkle.framework in CopyFiles */,
			);
			runOnlyForDeploymentPostprocessing = 0;
		};
/* End PBXCopyFilesBuildPhase section */

/* Begin PBXFileReference section */
		DC314A1E1C0EE024000A56D2 /* UBWidgetsController.h */ = {isa = PBXFileReference; fileEncoding = 4; lastKnownFileType = sourcecode.c.h; path = UBWidgetsController.h; sourceTree = "<group>"; };
		DC314A1F1C0EE024000A56D2 /* UBWidgetsController.m */ = {isa = PBXFileReference; fileEncoding = 4; lastKnownFileType = sourcecode.c.objc; path = UBWidgetsController.m; sourceTree = "<group>"; };
		DC3A31671C64A0A100722112 /* SocketRocket.framework */ = {isa = PBXFileReference; lastKnownFileType = wrapper.framework; path = SocketRocket.framework; sourceTree = "<group>"; };
		DC404DE81D26B92000305CE2 /* WKInspector.h */ = {isa = PBXFileReference; lastKnownFileType = sourcecode.c.h; path = WKInspector.h; sourceTree = "<group>"; };
		DC404DE91D26B9E000305CE2 /* WKBase.h */ = {isa = PBXFileReference; lastKnownFileType = sourcecode.c.h; path = WKBase.h; sourceTree = "<group>"; };
		DC404DED1D26BB6500305CE2 /* WKPage.h */ = {isa = PBXFileReference; lastKnownFileType = sourcecode.c.h; path = WKPage.h; sourceTree = "<group>"; };
		DC404DEE1D26C1D000305CE2 /* WKView.h */ = {isa = PBXFileReference; lastKnownFileType = sourcecode.c.h; path = WKView.h; sourceTree = "<group>"; };
		DC404DF11D2844E100305CE2 /* UBWebViewController.h */ = {isa = PBXFileReference; fileEncoding = 4; lastKnownFileType = sourcecode.c.h; path = UBWebViewController.h; sourceTree = "<group>"; };
		DC404DF21D2844E100305CE2 /* UBWebViewController.m */ = {isa = PBXFileReference; fileEncoding = 4; lastKnownFileType = sourcecode.c.objc; path = UBWebViewController.m; sourceTree = "<group>"; };
		DC404DF41D294B3100305CE2 /* geolocation.js */ = {isa = PBXFileReference; fileEncoding = 4; lastKnownFileType = sourcecode.javascript; path = geolocation.js; sourceTree = "<group>"; };
		DC43AD7C17EC2D9500241CC2 /* Übersicht.app */ = {isa = PBXFileReference; explicitFileType = wrapper.application; includeInIndex = 0; path = "Übersicht.app"; sourceTree = BUILT_PRODUCTS_DIR; };
		DC43AD7F17EC2D9500241CC2 /* Cocoa.framework */ = {isa = PBXFileReference; lastKnownFileType = wrapper.framework; name = Cocoa.framework; path = System/Library/Frameworks/Cocoa.framework; sourceTree = SDKROOT; };
		DC43AD8217EC2D9500241CC2 /* AppKit.framework */ = {isa = PBXFileReference; lastKnownFileType = wrapper.framework; name = AppKit.framework; path = System/Library/Frameworks/AppKit.framework; sourceTree = SDKROOT; };
		DC43AD8317EC2D9500241CC2 /* CoreData.framework */ = {isa = PBXFileReference; lastKnownFileType = wrapper.framework; name = CoreData.framework; path = System/Library/Frameworks/CoreData.framework; sourceTree = SDKROOT; };
		DC43AD8417EC2D9500241CC2 /* Foundation.framework */ = {isa = PBXFileReference; lastKnownFileType = wrapper.framework; name = Foundation.framework; path = System/Library/Frameworks/Foundation.framework; sourceTree = SDKROOT; };
		DC43AD8717EC2D9500241CC2 /* Uebersicht-Info.plist */ = {isa = PBXFileReference; lastKnownFileType = text.plist.xml; path = "Uebersicht-Info.plist"; sourceTree = "<group>"; };
		DC43AD8917EC2D9500241CC2 /* en */ = {isa = PBXFileReference; lastKnownFileType = text.plist.strings; name = en; path = en.lproj/InfoPlist.strings; sourceTree = "<group>"; };
		DC43AD8B17EC2D9500241CC2 /* main.m */ = {isa = PBXFileReference; lastKnownFileType = sourcecode.c.objc; path = main.m; sourceTree = "<group>"; };
		DC43AD8D17EC2D9500241CC2 /* Uebersicht-Prefix.pch */ = {isa = PBXFileReference; lastKnownFileType = sourcecode.c.h; path = "Uebersicht-Prefix.pch"; sourceTree = "<group>"; };
		DC43AD8F17EC2D9500241CC2 /* en */ = {isa = PBXFileReference; lastKnownFileType = text.rtf; name = en; path = en.lproj/Credits.rtf; sourceTree = "<group>"; };
		DC43AD9117EC2D9500241CC2 /* UBAppDelegate.h */ = {isa = PBXFileReference; lastKnownFileType = sourcecode.c.h; path = UBAppDelegate.h; sourceTree = "<group>"; };
		DC43AD9217EC2D9500241CC2 /* UBAppDelegate.m */ = {isa = PBXFileReference; lastKnownFileType = sourcecode.c.objc; path = UBAppDelegate.m; sourceTree = "<group>"; };
		DC43AD9517EC2D9500241CC2 /* Base */ = {isa = PBXFileReference; lastKnownFileType = file.xib; name = Base; path = Base.lproj/MainMenu.xib; sourceTree = "<group>"; };
		DC43AD9717EC2D9500241CC2 /* Images.xcassets */ = {isa = PBXFileReference; lastKnownFileType = folder.assetcatalog; path = Images.xcassets; sourceTree = "<group>"; };
		DC43AD9D17EC2D9500241CC2 /* UebersichtTests.xctest */ = {isa = PBXFileReference; explicitFileType = wrapper.cfbundle; includeInIndex = 0; path = UebersichtTests.xctest; sourceTree = BUILT_PRODUCTS_DIR; };
		DC43AD9E17EC2D9500241CC2 /* XCTest.framework */ = {isa = PBXFileReference; lastKnownFileType = wrapper.framework; name = XCTest.framework; path = Library/Frameworks/XCTest.framework; sourceTree = DEVELOPER_DIR; };
		DC43ADA517EC2D9500241CC2 /* UebersichtTests-Info.plist */ = {isa = PBXFileReference; lastKnownFileType = text.plist.xml; path = "UebersichtTests-Info.plist"; sourceTree = "<group>"; };
		DC43ADA717EC2D9500241CC2 /* en */ = {isa = PBXFileReference; lastKnownFileType = text.plist.strings; name = en; path = en.lproj/InfoPlist.strings; sourceTree = "<group>"; };
		DC43ADA917EC2D9500241CC2 /* ÜbersichtTests.m */ = {isa = PBXFileReference; lastKnownFileType = sourcecode.c.objc; path = "ÜbersichtTests.m"; sourceTree = "<group>"; };
		DC43ADB317EC31EB00241CC2 /* UBWindow.h */ = {isa = PBXFileReference; lastKnownFileType = sourcecode.c.h; path = UBWindow.h; sourceTree = "<group>"; };
		DC43ADB417EC31EB00241CC2 /* UBWindow.m */ = {isa = PBXFileReference; lastKnownFileType = sourcecode.c.objc; path = UBWindow.m; sourceTree = "<group>"; };
		DC43ADB617EC38D300241CC2 /* WebKit.framework */ = {isa = PBXFileReference; lastKnownFileType = wrapper.framework; name = WebKit.framework; path = System/Library/Frameworks/WebKit.framework; sourceTree = SDKROOT; };
		DC443E301C0305E500AA31C7 /* UBKeyHandler.h */ = {isa = PBXFileReference; fileEncoding = 4; lastKnownFileType = sourcecode.c.h; path = UBKeyHandler.h; sourceTree = "<group>"; };
		DC443E311C0305E500AA31C7 /* UBKeyHandler.m */ = {isa = PBXFileReference; fileEncoding = 4; lastKnownFileType = sourcecode.c.objc; path = UBKeyHandler.m; sourceTree = "<group>"; };
		DC4913941BEF9A75003E76EF /* UBScreensController.h */ = {isa = PBXFileReference; fileEncoding = 4; lastKnownFileType = sourcecode.c.h; path = UBScreensController.h; sourceTree = "<group>"; };
		DC4913951BEF9A75003E76EF /* UBScreensController.m */ = {isa = PBXFileReference; fileEncoding = 4; lastKnownFileType = sourcecode.c.objc; path = UBScreensController.m; sourceTree = "<group>"; };
		DC4F43F1189E90DD00937925 /* status-icon.png */ = {isa = PBXFileReference; lastKnownFileType = image.png; path = "status-icon.png"; sourceTree = "<group>"; };
		DC4F43F2189E90DD00937925 /* status-icon@2x.png */ = {isa = PBXFileReference; lastKnownFileType = image.png; path = "status-icon@2x.png"; sourceTree = "<group>"; };
		DC4FC28018EAB1CA00B7FD79 /* übersicht-logo.png */ = {isa = PBXFileReference; lastKnownFileType = image.png; path = "übersicht-logo.png"; sourceTree = "<group>"; };
		DC57ED2A18DB4EC900A24FDD /* UBPreferencesController.h */ = {isa = PBXFileReference; fileEncoding = 4; lastKnownFileType = sourcecode.c.h; path = UBPreferencesController.h; sourceTree = "<group>"; };
		DC57ED2B18DB4EC900A24FDD /* UBPreferencesController.m */ = {isa = PBXFileReference; fileEncoding = 4; lastKnownFileType = sourcecode.c.objc; path = UBPreferencesController.m; sourceTree = "<group>"; };
		DC57ED2C18DB4EC900A24FDD /* UBPreferencesController.xib */ = {isa = PBXFileReference; fileEncoding = 4; lastKnownFileType = file.xib; path = UBPreferencesController.xib; sourceTree = "<group>"; };
		DC5D25BB18FC46E0000078C4 /* Sparkle.framework */ = {isa = PBXFileReference; lastKnownFileType = wrapper.framework; path = Sparkle.framework; sourceTree = "<group>"; };
		DC66522B1E212735003267AF /* UBWidgetForScripting.h */ = {isa = PBXFileReference; fileEncoding = 4; lastKnownFileType = sourcecode.c.h; path = UBWidgetForScripting.h; sourceTree = "<group>"; };
		DC66522C1E212735003267AF /* UBWidgetForScripting.m */ = {isa = PBXFileReference; fileEncoding = 4; lastKnownFileType = sourcecode.c.objc; path = UBWidgetForScripting.m; sourceTree = "<group>"; };
		DC74D0741E1A6FC300893D53 /* Uebersicht.sdef */ = {isa = PBXFileReference; lastKnownFileType = text.xml; path = Uebersicht.sdef; sourceTree = "<group>"; };
		DC74D0761E1A71E500893D53 /* UBRefreshCommand.h */ = {isa = PBXFileReference; fileEncoding = 4; lastKnownFileType = sourcecode.c.h; path = UBRefreshCommand.h; sourceTree = "<group>"; };
		DC74D0771E1A71E500893D53 /* UBRefreshCommand.m */ = {isa = PBXFileReference; fileEncoding = 4; lastKnownFileType = sourcecode.c.objc; path = UBRefreshCommand.m; sourceTree = "<group>"; };
		DC84AF8F1E17B912008BF454 /* UBScreenChangeListener.h */ = {isa = PBXFileReference; lastKnownFileType = sourcecode.c.h; path = UBScreenChangeListener.h; sourceTree = "<group>"; };
		DC9296A51C5017CF006E4267 /* widget-status-visible.png */ = {isa = PBXFileReference; lastKnownFileType = image.png; path = "widget-status-visible.png"; sourceTree = "<group>"; };
		DC9296A61C5017CF006E4267 /* widget-status-visible@2x.png */ = {isa = PBXFileReference; lastKnownFileType = image.png; path = "widget-status-visible@2x.png"; sourceTree = "<group>"; };
		DC9296A91C501D34006E4267 /* widget-status-hidden.png */ = {isa = PBXFileReference; lastKnownFileType = image.png; path = "widget-status-hidden.png"; sourceTree = "<group>"; };
		DC9296AA1C501D34006E4267 /* widget-status-hidden@2x.png */ = {isa = PBXFileReference; lastKnownFileType = image.png; path = "widget-status-hidden@2x.png"; sourceTree = "<group>"; };
		DC99A7C418DC41A600E61222 /* Übersicht.entitlements */ = {isa = PBXFileReference; lastKnownFileType = text.xml; path = "Übersicht.entitlements"; sourceTree = "<group>"; };
		DC9F7CE11C439CE50014E25B /* UBDispatcher.h */ = {isa = PBXFileReference; fileEncoding = 4; lastKnownFileType = sourcecode.c.h; path = UBDispatcher.h; sourceTree = "<group>"; };
		DC9F7CE21C439CE50014E25B /* UBDispatcher.m */ = {isa = PBXFileReference; fileEncoding = 4; lastKnownFileType = sourcecode.c.objc; path = UBDispatcher.m; sourceTree = "<group>"; };
		DCAAAF9518DF0B050097677F /* getting-started.coffee */ = {isa = PBXFileReference; fileEncoding = 4; lastKnownFileType = text; path = "getting-started.coffee"; sourceTree = "<group>"; };
		DCAC78C81C550B810051E78B /* UBWebSocket.h */ = {isa = PBXFileReference; fileEncoding = 4; lastKnownFileType = sourcecode.c.h; path = UBWebSocket.h; sourceTree = "<group>"; };
		DCAC78C91C550B810051E78B /* UBWebSocket.m */ = {isa = PBXFileReference; fileEncoding = 4; lastKnownFileType = sourcecode.c.objc; path = UBWebSocket.m; sourceTree = "<group>"; };
		DCAC78CB1C551D130051E78B /* UBListener.h */ = {isa = PBXFileReference; fileEncoding = 4; lastKnownFileType = sourcecode.c.h; path = UBListener.h; sourceTree = "<group>"; };
		DCAC78CC1C551D130051E78B /* UBListener.m */ = {isa = PBXFileReference; fileEncoding = 4; lastKnownFileType = sourcecode.c.objc; path = UBListener.m; sourceTree = "<group>"; };
		DCB5D9861948802C000D5C83 /* JavaScriptCore.framework */ = {isa = PBXFileReference; lastKnownFileType = wrapper.framework; name = JavaScriptCore.framework; path = System/Library/Frameworks/JavaScriptCore.framework; sourceTree = SDKROOT; };
		DCC7B2F41C575BCE00F563C8 /* UBWidgetsStore.h */ = {isa = PBXFileReference; fileEncoding = 4; lastKnownFileType = sourcecode.c.h; path = UBWidgetsStore.h; sourceTree = "<group>"; };
		DCC7B2F51C575BCE00F563C8 /* UBWidgetsStore.m */ = {isa = PBXFileReference; fileEncoding = 4; lastKnownFileType = sourcecode.c.objc; path = UBWidgetsStore.m; sourceTree = "<group>"; };
		DCD6280E1D8187EC00358595 /* WKWebViewInternal.h */ = {isa = PBXFileReference; fileEncoding = 4; lastKnownFileType = sourcecode.c.h; path = WKWebViewInternal.h; sourceTree = "<group>"; };
		DCE7E3BF1A376AD400A12516 /* UBLocation.h */ = {isa = PBXFileReference; fileEncoding = 4; lastKnownFileType = sourcecode.c.h; path = UBLocation.h; sourceTree = "<group>"; };
		DCE7E3C01A376AD400A12516 /* UBLocation.m */ = {isa = PBXFileReference; fileEncoding = 4; lastKnownFileType = sourcecode.c.objc; path = UBLocation.m; sourceTree = "<group>"; };
		DCECA1C51893F23200C0CA32 /* localnode */ = {isa = PBXFileReference; lastKnownFileType = "compiled.mach-o.executable"; name = localnode; path = server/release/localnode; sourceTree = "<group>"; };
		DCECA1C61893F23200C0CA32 /* server.js */ = {isa = PBXFileReference; fileEncoding = 4; lastKnownFileType = sourcecode.javascript; name = server.js; path = server/release/server.js; sourceTree = "<group>"; };
		DCECA1C91893F4EF00C0CA32 /* public */ = {isa = PBXFileReference; lastKnownFileType = folder; name = public; path = server/release/public; sourceTree = "<group>"; };
		DCECA1CD1893FE5500C0CA32 /* node_modules */ = {isa = PBXFileReference; lastKnownFileType = folder; name = node_modules; path = server/release/node_modules; sourceTree = "<group>"; };
		DCF9D8FF1E9D512600D27988 /* UBReloadCommand.h */ = {isa = PBXFileReference; fileEncoding = 4; lastKnownFileType = sourcecode.c.h; path = UBReloadCommand.h; sourceTree = "<group>"; };
		DCF9D9001E9D512600D27988 /* UBReloadCommand.m */ = {isa = PBXFileReference; fileEncoding = 4; lastKnownFileType = sourcecode.c.objc; path = UBReloadCommand.m; sourceTree = "<group>"; };
/* End PBXFileReference section */

/* Begin PBXFrameworksBuildPhase section */
		DC43AD7917EC2D9500241CC2 /* Frameworks */ = {
			isa = PBXFrameworksBuildPhase;
			buildActionMask = 2147483647;
			files = (
				DC5D25C018FC4988000078C4 /* Sparkle.framework in Frameworks */,
				DC43ADB717EC38D300241CC2 /* WebKit.framework in Frameworks */,
				DC43AD8017EC2D9500241CC2 /* Cocoa.framework in Frameworks */,
				DC3A31681C64A0A100722112 /* SocketRocket.framework in Frameworks */,
			);
			runOnlyForDeploymentPostprocessing = 0;
		};
		DC43AD9A17EC2D9500241CC2 /* Frameworks */ = {
			isa = PBXFrameworksBuildPhase;
			buildActionMask = 2147483647;
			files = (
				DC43ADA017EC2D9500241CC2 /* Cocoa.framework in Frameworks */,
				DC43AD9F17EC2D9500241CC2 /* XCTest.framework in Frameworks */,
			);
			runOnlyForDeploymentPostprocessing = 0;
		};
/* End PBXFrameworksBuildPhase section */

/* Begin PBXGroup section */
		DC404DEB1D26BAA400305CE2 /* WKHeaders */ = {
			isa = PBXGroup;
			children = (
				DCD6280E1D8187EC00358595 /* WKWebViewInternal.h */,
				DC404DE81D26B92000305CE2 /* WKInspector.h */,
				DC404DE91D26B9E000305CE2 /* WKBase.h */,
				DC404DED1D26BB6500305CE2 /* WKPage.h */,
				DC404DEE1D26C1D000305CE2 /* WKView.h */,
			);
			name = WKHeaders;
			sourceTree = "<group>";
		};
		DC43AD7317EC2D9500241CC2 = {
			isa = PBXGroup;
			children = (
				DC43AD8517EC2D9500241CC2 /* Uebersicht */,
				DCECA1C21893F1C300C0CA32 /* server */,
				DC43ADA317EC2D9500241CC2 /* UebersichtTests */,
				DC43AD7E17EC2D9500241CC2 /* Frameworks */,
				DC43AD7D17EC2D9500241CC2 /* Products */,
			);
			sourceTree = "<group>";
		};
		DC43AD7D17EC2D9500241CC2 /* Products */ = {
			isa = PBXGroup;
			children = (
				DC43AD7C17EC2D9500241CC2 /* Übersicht.app */,
				DC43AD9D17EC2D9500241CC2 /* UebersichtTests.xctest */,
			);
			name = Products;
			sourceTree = "<group>";
		};
		DC43AD7E17EC2D9500241CC2 /* Frameworks */ = {
			isa = PBXGroup;
			children = (
				DC3A31671C64A0A100722112 /* SocketRocket.framework */,
				DCB5D9861948802C000D5C83 /* JavaScriptCore.framework */,
				DC5D25BB18FC46E0000078C4 /* Sparkle.framework */,
				DC43ADB617EC38D300241CC2 /* WebKit.framework */,
				DC43AD7F17EC2D9500241CC2 /* Cocoa.framework */,
				DC43AD9E17EC2D9500241CC2 /* XCTest.framework */,
				DC43AD8117EC2D9500241CC2 /* Other Frameworks */,
			);
			name = Frameworks;
			sourceTree = "<group>";
		};
		DC43AD8117EC2D9500241CC2 /* Other Frameworks */ = {
			isa = PBXGroup;
			children = (
				DC43AD8217EC2D9500241CC2 /* AppKit.framework */,
				DC43AD8317EC2D9500241CC2 /* CoreData.framework */,
				DC43AD8417EC2D9500241CC2 /* Foundation.framework */,
			);
			name = "Other Frameworks";
			sourceTree = "<group>";
		};
		DC43AD8517EC2D9500241CC2 /* Uebersicht */ = {
			isa = PBXGroup;
			children = (
				DC99A7C418DC41A600E61222 /* Übersicht.entitlements */,
				DC43AD9417EC2D9500241CC2 /* MainMenu.xib */,
				DC43AD9117EC2D9500241CC2 /* UBAppDelegate.h */,
				DC43AD9217EC2D9500241CC2 /* UBAppDelegate.m */,
				DC43ADB317EC31EB00241CC2 /* UBWindow.h */,
				DC43ADB417EC31EB00241CC2 /* UBWindow.m */,
				DC404DF11D2844E100305CE2 /* UBWebViewController.h */,
				DC404DF21D2844E100305CE2 /* UBWebViewController.m */,
				DC4913941BEF9A75003E76EF /* UBScreensController.h */,
				DC4913951BEF9A75003E76EF /* UBScreensController.m */,
				DC57ED2A18DB4EC900A24FDD /* UBPreferencesController.h */,
				DC57ED2B18DB4EC900A24FDD /* UBPreferencesController.m */,
				DC57ED2C18DB4EC900A24FDD /* UBPreferencesController.xib */,
				DCE7E3BF1A376AD400A12516 /* UBLocation.h */,
				DCE7E3C01A376AD400A12516 /* UBLocation.m */,
				DC443E301C0305E500AA31C7 /* UBKeyHandler.h */,
				DC443E311C0305E500AA31C7 /* UBKeyHandler.m */,
				DC314A1E1C0EE024000A56D2 /* UBWidgetsController.h */,
				DC314A1F1C0EE024000A56D2 /* UBWidgetsController.m */,
				DCC7B2F41C575BCE00F563C8 /* UBWidgetsStore.h */,
				DCC7B2F51C575BCE00F563C8 /* UBWidgetsStore.m */,
				DCAC78C81C550B810051E78B /* UBWebSocket.h */,
				DCAC78C91C550B810051E78B /* UBWebSocket.m */,
				DC9F7CE11C439CE50014E25B /* UBDispatcher.h */,
				DC9F7CE21C439CE50014E25B /* UBDispatcher.m */,
				DCAC78CB1C551D130051E78B /* UBListener.h */,
				DCAC78CC1C551D130051E78B /* UBListener.m */,
				DC84AF8F1E17B912008BF454 /* UBScreenChangeListener.h */,
				DC74D0751E1A717800893D53 /* Script Support */,
				DC404DEB1D26BAA400305CE2 /* WKHeaders */,
				DC43AD8617EC2D9500241CC2 /* Supporting Files */,
				DC43AD9717EC2D9500241CC2 /* Images.xcassets */,
			);
			path = Uebersicht;
			sourceTree = "<group>";
		};
		DC43AD8617EC2D9500241CC2 /* Supporting Files */ = {
			isa = PBXGroup;
			children = (
				DC9296A91C501D34006E4267 /* widget-status-hidden.png */,
				DC9296AA1C501D34006E4267 /* widget-status-hidden@2x.png */,
				DC9296A51C5017CF006E4267 /* widget-status-visible.png */,
				DC9296A61C5017CF006E4267 /* widget-status-visible@2x.png */,
				DC4FC28018EAB1CA00B7FD79 /* übersicht-logo.png */,
				DCAAAF9518DF0B050097677F /* getting-started.coffee */,
				DC4F43F1189E90DD00937925 /* status-icon.png */,
				DC4F43F2189E90DD00937925 /* status-icon@2x.png */,
				DC43AD8717EC2D9500241CC2 /* Uebersicht-Info.plist */,
				DC43AD8817EC2D9500241CC2 /* InfoPlist.strings */,
				DC43AD8B17EC2D9500241CC2 /* main.m */,
				DC43AD8D17EC2D9500241CC2 /* Uebersicht-Prefix.pch */,
				DC43AD8E17EC2D9500241CC2 /* Credits.rtf */,
				DC404DF41D294B3100305CE2 /* geolocation.js */,
			);
			name = "Supporting Files";
			sourceTree = "<group>";
		};
		DC43ADA317EC2D9500241CC2 /* UebersichtTests */ = {
			isa = PBXGroup;
			children = (
				DC43ADA917EC2D9500241CC2 /* ÜbersichtTests.m */,
				DC43ADA417EC2D9500241CC2 /* Supporting Files */,
			);
			path = UebersichtTests;
			sourceTree = "<group>";
		};
		DC43ADA417EC2D9500241CC2 /* Supporting Files */ = {
			isa = PBXGroup;
			children = (
				DC43ADA517EC2D9500241CC2 /* UebersichtTests-Info.plist */,
				DC43ADA617EC2D9500241CC2 /* InfoPlist.strings */,
			);
			name = "Supporting Files";
			sourceTree = "<group>";
		};
		DC74D0751E1A717800893D53 /* Script Support */ = {
			isa = PBXGroup;
			children = (
				DC66522B1E212735003267AF /* UBWidgetForScripting.h */,
				DC66522C1E212735003267AF /* UBWidgetForScripting.m */,
				DC74D0761E1A71E500893D53 /* UBRefreshCommand.h */,
				DC74D0771E1A71E500893D53 /* UBRefreshCommand.m */,
				DCF9D8FF1E9D512600D27988 /* UBReloadCommand.h */,
				DCF9D9001E9D512600D27988 /* UBReloadCommand.m */,
				DC74D0741E1A6FC300893D53 /* Uebersicht.sdef */,
			);
			name = "Script Support";
			sourceTree = "<group>";
		};
		DCECA1C21893F1C300C0CA32 /* server */ = {
			isa = PBXGroup;
			children = (
				DCECA1CD1893FE5500C0CA32 /* node_modules */,
				DCECA1C91893F4EF00C0CA32 /* public */,
				DCECA1C51893F23200C0CA32 /* localnode */,
				DCECA1C61893F23200C0CA32 /* server.js */,
			);
			name = server;
			sourceTree = "<group>";
		};
/* End PBXGroup section */

/* Begin PBXNativeTarget section */
		DC43AD7B17EC2D9500241CC2 /* Uebersicht */ = {
			isa = PBXNativeTarget;
			buildConfigurationList = DC43ADAD17EC2D9500241CC2 /* Build configuration list for PBXNativeTarget "Uebersicht" */;
			buildPhases = (
				DC06A1C01985092700789130 /* Compile JS */,
				DC43AD7817EC2D9500241CC2 /* Sources */,
				DC43AD7917EC2D9500241CC2 /* Frameworks */,
				DC43AD7A17EC2D9500241CC2 /* Resources */,
				DC5D25BE18FC4823000078C4 /* CopyFiles */,
			);
			buildRules = (
			);
			dependencies = (
			);
			name = Uebersicht;
			productName = "Übersicht";
			productReference = DC43AD7C17EC2D9500241CC2 /* Übersicht.app */;
			productType = "com.apple.product-type.application";
		};
		DC43AD9C17EC2D9500241CC2 /* UebersichtTests */ = {
			isa = PBXNativeTarget;
			buildConfigurationList = DC43ADB017EC2D9500241CC2 /* Build configuration list for PBXNativeTarget "UebersichtTests" */;
			buildPhases = (
				DC43AD9917EC2D9500241CC2 /* Sources */,
				DC43AD9A17EC2D9500241CC2 /* Frameworks */,
				DC43AD9B17EC2D9500241CC2 /* Resources */,
			);
			buildRules = (
			);
			dependencies = (
				DC43ADA217EC2D9500241CC2 /* PBXTargetDependency */,
			);
			name = UebersichtTests;
			productName = "ÜbersichtTests";
			productReference = DC43AD9D17EC2D9500241CC2 /* UebersichtTests.xctest */;
			productType = "com.apple.product-type.bundle.unit-test";
		};
/* End PBXNativeTarget section */

/* Begin PBXProject section */
		DC43AD7417EC2D9500241CC2 /* Project object */ = {
			isa = PBXProject;
			attributes = {
				CLASSPREFIX = UB;
				LastUpgradeCheck = 0930;
				ORGANIZATIONNAME = tracesOf;
				TargetAttributes = {
					DC43AD7B17EC2D9500241CC2 = {
						DevelopmentTeam = S3P44NRLCW;
						ProvisioningStyle = Automatic;
						SystemCapabilities = {
							com.apple.Sandbox = {
								enabled = 0;
							};
						};
					};
					DC43AD9C17EC2D9500241CC2 = {
						TestTargetID = DC43AD7B17EC2D9500241CC2;
					};
				};
			};
			buildConfigurationList = DC43AD7717EC2D9500241CC2 /* Build configuration list for PBXProject "Uebersicht" */;
			compatibilityVersion = "Xcode 3.2";
			developmentRegion = English;
			hasScannedForEncodings = 0;
			knownRegions = (
				en,
				Base,
			);
			mainGroup = DC43AD7317EC2D9500241CC2;
			productRefGroup = DC43AD7D17EC2D9500241CC2 /* Products */;
			projectDirPath = "";
			projectRoot = "";
			targets = (
				DC43AD7B17EC2D9500241CC2 /* Uebersicht */,
				DC43AD9C17EC2D9500241CC2 /* UebersichtTests */,
			);
		};
/* End PBXProject section */

/* Begin PBXResourcesBuildPhase section */
		DC43AD7A17EC2D9500241CC2 /* Resources */ = {
			isa = PBXResourcesBuildPhase;
			buildActionMask = 2147483647;
			files = (
				DC62CC731E1C0F73004F85B8 /* Uebersicht.sdef in Resources */,
				DCECA1CF1894008800C0CA32 /* MainMenu.xib in Resources */,
				DC43AD8A17EC2D9500241CC2 /* InfoPlist.strings in Resources */,
				DC9296AC1C501D34006E4267 /* widget-status-hidden@2x.png in Resources */,
				DC43AD9817EC2D9500241CC2 /* Images.xcassets in Resources */,
				DC9296A71C5017CF006E4267 /* widget-status-visible.png in Resources */,
				DC4F43F4189E90DD00937925 /* status-icon@2x.png in Resources */,
				DC4FC28118EAB1CA00B7FD79 /* übersicht-logo.png in Resources */,
				DC4F43F3189E90DD00937925 /* status-icon.png in Resources */,
				DC9296A81C5017CF006E4267 /* widget-status-visible@2x.png in Resources */,
				DC43AD9017EC2D9500241CC2 /* Credits.rtf in Resources */,
				DC9296AB1C501D34006E4267 /* widget-status-hidden.png in Resources */,
				DCECA1CE1893FE5500C0CA32 /* node_modules in Resources */,
				DCECA1CA1893F4EF00C0CA32 /* public in Resources */,
				DC57ED2E18DB4EC900A24FDD /* UBPreferencesController.xib in Resources */,
				DCECA1C71893F23200C0CA32 /* localnode in Resources */,
				DC404DF51D294B3100305CE2 /* geolocation.js in Resources */,
				DCAAAF9618DF0B050097677F /* getting-started.coffee in Resources */,
				DCECA1C81893F23200C0CA32 /* server.js in Resources */,
			);
			runOnlyForDeploymentPostprocessing = 0;
		};
		DC43AD9B17EC2D9500241CC2 /* Resources */ = {
			isa = PBXResourcesBuildPhase;
			buildActionMask = 2147483647;
			files = (
				DC43ADA817EC2D9500241CC2 /* InfoPlist.strings in Resources */,
			);
			runOnlyForDeploymentPostprocessing = 0;
		};
/* End PBXResourcesBuildPhase section */

/* Begin PBXShellScriptBuildPhase section */
		DC06A1C01985092700789130 /* Compile JS */ = {
			isa = PBXShellScriptBuildPhase;
			buildActionMask = 2147483647;
			files = (
			);
			inputPaths = (
			);
			name = "Compile JS";
			outputPaths = (
			);
			runOnlyForDeploymentPostprocessing = 0;
			shellPath = /bin/sh;
			shellScript = "export PATH=$PATH:/usr/local/bin\ncd server && npm run-script release\n";
		};
/* End PBXShellScriptBuildPhase section */

/* Begin PBXSourcesBuildPhase section */
		DC43AD7817EC2D9500241CC2 /* Sources */ = {
			isa = PBXSourcesBuildPhase;
			buildActionMask = 2147483647;
			files = (
				DC9F7CE31C439CE50014E25B /* UBDispatcher.m in Sources */,
				DCE7E3C11A376AD400A12516 /* UBLocation.m in Sources */,
				DC43ADB517EC35A800241CC2 /* UBWindow.m in Sources */,
				DCF9D9011E9D512600D27988 /* UBReloadCommand.m in Sources */,
				DC314A201C0EE024000A56D2 /* UBWidgetsController.m in Sources */,
				DC4913961BEF9A75003E76EF /* UBScreensController.m in Sources */,
				DCC7B2F61C575BCE00F563C8 /* UBWidgetsStore.m in Sources */,
				DCAC78CA1C550B810051E78B /* UBWebSocket.m in Sources */,
				DC43AD8C17EC2D9500241CC2 /* main.m in Sources */,
				DC74D0781E1A71E500893D53 /* UBRefreshCommand.m in Sources */,
				DC404DF31D2844E100305CE2 /* UBWebViewController.m in Sources */,
				DC66522D1E212735003267AF /* UBWidgetForScripting.m in Sources */,
				DCAC78CD1C551D130051E78B /* UBListener.m in Sources */,
				DC43AD9317EC2D9500241CC2 /* UBAppDelegate.m in Sources */,
				DC443E321C0305E500AA31C7 /* UBKeyHandler.m in Sources */,
			);
			runOnlyForDeploymentPostprocessing = 0;
		};
		DC43AD9917EC2D9500241CC2 /* Sources */ = {
			isa = PBXSourcesBuildPhase;
			buildActionMask = 2147483647;
			files = (
				DC43ADAA17EC2D9500241CC2 /* ÜbersichtTests.m in Sources */,
			);
			runOnlyForDeploymentPostprocessing = 0;
		};
/* End PBXSourcesBuildPhase section */

/* Begin PBXTargetDependency section */
		DC43ADA217EC2D9500241CC2 /* PBXTargetDependency */ = {
			isa = PBXTargetDependency;
			target = DC43AD7B17EC2D9500241CC2 /* Uebersicht */;
			targetProxy = DC43ADA117EC2D9500241CC2 /* PBXContainerItemProxy */;
		};
/* End PBXTargetDependency section */

/* Begin PBXVariantGroup section */
		DC43AD8817EC2D9500241CC2 /* InfoPlist.strings */ = {
			isa = PBXVariantGroup;
			children = (
				DC43AD8917EC2D9500241CC2 /* en */,
			);
			name = InfoPlist.strings;
			sourceTree = "<group>";
		};
		DC43AD8E17EC2D9500241CC2 /* Credits.rtf */ = {
			isa = PBXVariantGroup;
			children = (
				DC43AD8F17EC2D9500241CC2 /* en */,
			);
			name = Credits.rtf;
			sourceTree = "<group>";
		};
		DC43AD9417EC2D9500241CC2 /* MainMenu.xib */ = {
			isa = PBXVariantGroup;
			children = (
				DC43AD9517EC2D9500241CC2 /* Base */,
			);
			name = MainMenu.xib;
			sourceTree = "<group>";
		};
		DC43ADA617EC2D9500241CC2 /* InfoPlist.strings */ = {
			isa = PBXVariantGroup;
			children = (
				DC43ADA717EC2D9500241CC2 /* en */,
			);
			name = InfoPlist.strings;
			sourceTree = "<group>";
		};
/* End PBXVariantGroup section */

/* Begin XCBuildConfiguration section */
		DC43ADAB17EC2D9500241CC2 /* Debug */ = {
			isa = XCBuildConfiguration;
			buildSettings = {
				ALWAYS_SEARCH_USER_PATHS = NO;
				CLANG_CXX_LANGUAGE_STANDARD = "gnu++0x";
				CLANG_CXX_LIBRARY = "libc++";
				CLANG_ENABLE_MODULES = YES;
				CLANG_ENABLE_OBJC_ARC = YES;
				CLANG_WARN_BLOCK_CAPTURE_AUTORELEASING = YES;
				CLANG_WARN_BOOL_CONVERSION = YES;
				CLANG_WARN_COMMA = YES;
				CLANG_WARN_CONSTANT_CONVERSION = YES;
				CLANG_WARN_DEPRECATED_OBJC_IMPLEMENTATIONS = YES;
				CLANG_WARN_DIRECT_OBJC_ISA_USAGE = YES_ERROR;
				CLANG_WARN_EMPTY_BODY = YES;
				CLANG_WARN_ENUM_CONVERSION = YES;
				CLANG_WARN_INFINITE_RECURSION = YES;
				CLANG_WARN_INT_CONVERSION = YES;
				CLANG_WARN_NON_LITERAL_NULL_CONVERSION = YES;
				CLANG_WARN_OBJC_IMPLICIT_RETAIN_SELF = YES;
				CLANG_WARN_OBJC_LITERAL_CONVERSION = YES;
				CLANG_WARN_OBJC_ROOT_CLASS = YES_ERROR;
				CLANG_WARN_RANGE_LOOP_ANALYSIS = YES;
				CLANG_WARN_STRICT_PROTOTYPES = YES;
				CLANG_WARN_SUSPICIOUS_MOVE = YES;
				CLANG_WARN_UNREACHABLE_CODE = YES;
				CLANG_WARN__DUPLICATE_METHOD_MATCH = YES;
				COPY_PHASE_STRIP = NO;
				ENABLE_STRICT_OBJC_MSGSEND = YES;
				ENABLE_TESTABILITY = YES;
				GCC_C_LANGUAGE_STANDARD = gnu99;
				GCC_DYNAMIC_NO_PIC = NO;
				GCC_ENABLE_OBJC_EXCEPTIONS = YES;
				GCC_NO_COMMON_BLOCKS = YES;
				GCC_OPTIMIZATION_LEVEL = 0;
				GCC_PREPROCESSOR_DEFINITIONS = (
					"DEBUG=1",
					"$(inherited)",
				);
				GCC_SYMBOLS_PRIVATE_EXTERN = NO;
				GCC_WARN_64_TO_32_BIT_CONVERSION = YES;
				GCC_WARN_ABOUT_RETURN_TYPE = YES_ERROR;
				GCC_WARN_UNDECLARED_SELECTOR = YES;
				GCC_WARN_UNINITIALIZED_AUTOS = YES;
				GCC_WARN_UNUSED_FUNCTION = YES;
				GCC_WARN_UNUSED_VARIABLE = YES;
				MACOSX_DEPLOYMENT_TARGET = 10.10;
				ONLY_ACTIVE_ARCH = YES;
				SDKROOT = macosx;
			};
			name = Debug;
		};
		DC43ADAC17EC2D9500241CC2 /* Release */ = {
			isa = XCBuildConfiguration;
			buildSettings = {
				ALWAYS_SEARCH_USER_PATHS = NO;
				CLANG_CXX_LANGUAGE_STANDARD = "gnu++0x";
				CLANG_CXX_LIBRARY = "libc++";
				CLANG_ENABLE_MODULES = YES;
				CLANG_ENABLE_OBJC_ARC = YES;
				CLANG_WARN_BLOCK_CAPTURE_AUTORELEASING = YES;
				CLANG_WARN_BOOL_CONVERSION = YES;
				CLANG_WARN_COMMA = YES;
				CLANG_WARN_CONSTANT_CONVERSION = YES;
				CLANG_WARN_DEPRECATED_OBJC_IMPLEMENTATIONS = YES;
				CLANG_WARN_DIRECT_OBJC_ISA_USAGE = YES_ERROR;
				CLANG_WARN_EMPTY_BODY = YES;
				CLANG_WARN_ENUM_CONVERSION = YES;
				CLANG_WARN_INFINITE_RECURSION = YES;
				CLANG_WARN_INT_CONVERSION = YES;
				CLANG_WARN_NON_LITERAL_NULL_CONVERSION = YES;
				CLANG_WARN_OBJC_IMPLICIT_RETAIN_SELF = YES;
				CLANG_WARN_OBJC_LITERAL_CONVERSION = YES;
				CLANG_WARN_OBJC_ROOT_CLASS = YES_ERROR;
				CLANG_WARN_RANGE_LOOP_ANALYSIS = YES;
				CLANG_WARN_STRICT_PROTOTYPES = YES;
				CLANG_WARN_SUSPICIOUS_MOVE = YES;
				CLANG_WARN_UNREACHABLE_CODE = YES;
				CLANG_WARN__DUPLICATE_METHOD_MATCH = YES;
				COPY_PHASE_STRIP = YES;
				DEBUG_INFORMATION_FORMAT = "dwarf-with-dsym";
				ENABLE_NS_ASSERTIONS = NO;
				ENABLE_STRICT_OBJC_MSGSEND = YES;
				GCC_C_LANGUAGE_STANDARD = gnu99;
				GCC_ENABLE_OBJC_EXCEPTIONS = YES;
				GCC_NO_COMMON_BLOCKS = YES;
				GCC_WARN_64_TO_32_BIT_CONVERSION = YES;
				GCC_WARN_ABOUT_RETURN_TYPE = YES_ERROR;
				GCC_WARN_UNDECLARED_SELECTOR = YES;
				GCC_WARN_UNINITIALIZED_AUTOS = YES;
				GCC_WARN_UNUSED_FUNCTION = YES;
				GCC_WARN_UNUSED_VARIABLE = YES;
				MACOSX_DEPLOYMENT_TARGET = 10.10;
				SDKROOT = macosx;
			};
			name = Release;
		};
		DC43ADAE17EC2D9500241CC2 /* Debug */ = {
			isa = XCBuildConfiguration;
			buildSettings = {
				ASSETCATALOG_COMPILER_APPICON_NAME = AppIcon;
				CODE_SIGN_IDENTITY = "Mac Developer";
				"CODE_SIGN_IDENTITY[sdk=macosx*]" = "Mac Developer";
				COMBINE_HIDPI_IMAGES = YES;
				DEVELOPMENT_TEAM = S3P44NRLCW;
				FRAMEWORK_SEARCH_PATHS = (
					"$(inherited)",
					"$(SRCROOT)",
					"$(PROJECT_DIR)",
				);
				GCC_PRECOMPILE_PREFIX_HEADER = YES;
				GCC_PREFIX_HEADER = "Uebersicht/Uebersicht-Prefix.pch";
				INFOPLIST_FILE = "$(SRCROOT)/Uebersicht/Uebersicht-Info.plist";
				MACOSX_DEPLOYMENT_TARGET = 10.10;
				OTHER_CODE_SIGN_FLAGS = "";
				PRODUCT_BUNDLE_IDENTIFIER = tracesOf.Uebersicht;
				PRODUCT_NAME = "Übersicht";
				PROVISIONING_PROFILE = "";
				SDKROOT = macosx;
				WRAPPER_EXTENSION = app;
			};
			name = Debug;
		};
		DC43ADAF17EC2D9500241CC2 /* Release */ = {
			isa = XCBuildConfiguration;
			buildSettings = {
				ASSETCATALOG_COMPILER_APPICON_NAME = AppIcon;
				CODE_SIGN_IDENTITY = "Mac Developer";
				"CODE_SIGN_IDENTITY[sdk=macosx*]" = "Mac Developer";
				COMBINE_HIDPI_IMAGES = YES;
				DEVELOPMENT_TEAM = S3P44NRLCW;
				FRAMEWORK_SEARCH_PATHS = (
					"$(inherited)",
					"$(SRCROOT)",
					"$(PROJECT_DIR)",
				);
				GCC_PRECOMPILE_PREFIX_HEADER = YES;
				GCC_PREFIX_HEADER = "Uebersicht/Uebersicht-Prefix.pch";
				INFOPLIST_FILE = "$(SRCROOT)/Uebersicht/Uebersicht-Info.plist";
				MACOSX_DEPLOYMENT_TARGET = 10.10;
				OTHER_CODE_SIGN_FLAGS = "";
				PRODUCT_BUNDLE_IDENTIFIER = tracesOf.Uebersicht;
				PRODUCT_NAME = "Übersicht";
				PROVISIONING_PROFILE = "";
				SDKROOT = macosx;
				WRAPPER_EXTENSION = app;
			};
			name = Release;
		};
		DC43ADB117EC2D9500241CC2 /* Debug */ = {
			isa = XCBuildConfiguration;
			buildSettings = {
				BUNDLE_LOADER = "$(TEST_HOST)";
				COMBINE_HIDPI_IMAGES = YES;
				FRAMEWORK_SEARCH_PATHS = (
					"$(DEVELOPER_FRAMEWORKS_DIR)",
					"$(inherited)",
				);
				GCC_PRECOMPILE_PREFIX_HEADER = YES;
				GCC_PREFIX_HEADER = "Uebersicht/Uebersicht-Prefix.pch";
				GCC_PREPROCESSOR_DEFINITIONS = (
					"DEBUG=1",
					"$(inherited)",
				);
				INFOPLIST_FILE = "UebersichtTests/UebersichtTests-Info.plist";
				PRODUCT_BUNDLE_IDENTIFIER = test.uebersicht;
				PRODUCT_NAME = UebersichtTests;
				TEST_HOST = "$(BUILT_PRODUCTS_DIR)/Übersicht.app/Contents/MacOS/Übersicht";
				WRAPPER_EXTENSION = xctest;
			};
			name = Debug;
		};
		DC43ADB217EC2D9500241CC2 /* Release */ = {
			isa = XCBuildConfiguration;
			buildSettings = {
				BUNDLE_LOADER = "$(TEST_HOST)";
				COMBINE_HIDPI_IMAGES = YES;
				FRAMEWORK_SEARCH_PATHS = (
					"$(DEVELOPER_FRAMEWORKS_DIR)",
					"$(inherited)",
				);
				GCC_PRECOMPILE_PREFIX_HEADER = YES;
				GCC_PREFIX_HEADER = "Uebersicht/Uebersicht-Prefix.pch";
				INFOPLIST_FILE = "UebersichtTests/UebersichtTests-Info.plist";
				PRODUCT_BUNDLE_IDENTIFIER = test.uebersicht;
				PRODUCT_NAME = UebersichtTests;
				TEST_HOST = "$(BUILT_PRODUCTS_DIR)/Übersicht.app/Contents/MacOS/Übersicht";
				WRAPPER_EXTENSION = xctest;
			};
			name = Release;
		};
/* End XCBuildConfiguration section */

/* Begin XCConfigurationList section */
		DC43AD7717EC2D9500241CC2 /* Build configuration list for PBXProject "Uebersicht" */ = {
			isa = XCConfigurationList;
			buildConfigurations = (
				DC43ADAB17EC2D9500241CC2 /* Debug */,
				DC43ADAC17EC2D9500241CC2 /* Release */,
			);
			defaultConfigurationIsVisible = 0;
			defaultConfigurationName = Release;
		};
		DC43ADAD17EC2D9500241CC2 /* Build configuration list for PBXNativeTarget "Uebersicht" */ = {
			isa = XCConfigurationList;
			buildConfigurations = (
				DC43ADAE17EC2D9500241CC2 /* Debug */,
				DC43ADAF17EC2D9500241CC2 /* Release */,
			);
			defaultConfigurationIsVisible = 0;
			defaultConfigurationName = Release;
		};
		DC43ADB017EC2D9500241CC2 /* Build configuration list for PBXNativeTarget "UebersichtTests" */ = {
			isa = XCConfigurationList;
			buildConfigurations = (
				DC43ADB117EC2D9500241CC2 /* Debug */,
				DC43ADB217EC2D9500241CC2 /* Release */,
			);
			defaultConfigurationIsVisible = 0;
			defaultConfigurationName = Release;
		};
/* End XCConfigurationList section */
	};
	rootObject = DC43AD7417EC2D9500241CC2 /* Project object */;
}
